
Microsoft Visual Studio Solution File, Format Version 12.00
# Visual Studio 2013
VisualStudioVersion = 12.0.40629.0
MinimumVisualStudioVersion = 10.0.40219.1
Project("{FAE04EC0-301F-11D3-BF4B-00C04F79EFBC}") = "rpt2csv", "rpt2csv\rpt2csv.csproj", "{27484A88-A69E-4A4A-94C7-19691389CFCE}"
EndProject
Global
	GlobalSection(SolutionConfigurationPlatforms) = preSolution
		Debug|Any CPU = Debug|Any CPU
		Release|Any CPU = Release|Any CPU
	EndGlobalSection
	GlobalSection(ProjectConfigurationPlatforms) = postSolution
		{27484A88-A69E-4A4A-94C7-19691389CFCE}.Debug|Any CPU.ActiveCfg = Debug|Any CPU
		{27484A88-A69E-4A4A-94C7-19691389CFCE}.Debug|Any CPU.Build.0 = Debug|Any CPU
		{27484A88-A69E-4A4A-94C7-19691389CFCE}.Release|Any CPU.ActiveCfg = Release|Any CPU
		{27484A88-A69E-4A4A-94C7-19691389CFCE}.Release|Any CPU.Build.0 = Release|Any CPU
	EndGlobalSection
	GlobalSection(SolutionProperties) = preSolution
		HideSolutionNode = FALSE
	EndGlobalSection
EndGlobal
